PODS:
  - Alamofire (3.4.1)
  - MJRefresh (3.1.9)
  - pop (1.0.9)
  - SnapKit (0.21.1)
  - SQLite.swift (0.10.1)
  - SVProgressHUD (2.0.3)
  - SwiftyJSON (2.3.2)
  - YYCache (1.0.3)
  - YYCategories (1.0.3):
    - YYCategories/no-arc (= 1.0.3)
  - YYCategories/no-arc (1.0.3)
  - YYImage (1.0.2):
    - YYImage/Core (= 1.0.2)
  - YYImage/Core (1.0.2)
  - YYKeyboardManager (1.0.1)
  - YYText (1.0.5)
  - YYWebImage (1.0.4):
    - YYCache
    - YYImage

DEPENDENCIES:
  - Alamofire
  - MJRefresh
  - pop
  - SnapKit
  - SQLite.swift
  - SVProgressHUD
  - SwiftyJSON
  - YYCache
  - YYCategories
  - YYKeyboardManager
  - YYText
  - YYWebImage

SPEC CHECKSUMS:
  Alamofire: 01a82e2f6c0f860ade35534c8dd88be61bdef40c
  MJRefresh: c5f1f1653e5a1b932c90f78074f2bc86f3f9bd5e
  pop: f667631a5108a2e60d9e8797c9b32ddaf2080bce
  SnapKit: bbad04cb016c7cead63965f16b00c09318d271ee
  SQLite.swift: 6a6e4b034efc317ce4e203b6af2d3024fee2b570
  SVProgressHUD: b0830714205bea1317ea1a2ebc71e5633af334d4
  SwiftyJSON: 04ccea08915aa0109039157c7974cf0298da292a
  YYCache: 282f35b5b0990833d0b7a06d864a87141a021da2
  YYCategories: 0fd4d9eb0994d8d0e355beb4081c8f7202a82b7b
  YYImage: 2cc79ed49b9549b71c6715cefe7b0f5ab3d33abf
  YYKeyboardManager: ff53d2e80d1808567a7f004028bd200d9469a89f
  YYText: ac09660c9ccd9b817f409a20caa6f5587444d2ae
  YYWebImage: 0431ed108e104527669b86f75efd58958425cca2

PODFILE CHECKSUM: 4b07f674cc2dc6d4849c0c176e47f826fe6a0873

COCOAPODS: 1.0.1
